
Microsoft Visual Studio Solution File, Format Version 12.00
# Visual Studio Version 17
VisualStudioVersion = 17.11.35303.130
MinimumVisualStudioVersion = 10.0.40219.1
Project("{9A19103F-16F7-4668-BE54-9A1E7A4F7556}") = "C2INIS_HSZF_2024251.Console", "C2INIS_HSZF_2024251.Console.csproj", "{FE8FF7C9-CEFA-4CE5-A892-6FD366C623F6}"
EndProject
Project("{2150E333-8FDC-42A3-9474-1A3956D46DE8}") = "Application", "Application", "{D34AE144-564D-4549-9FF9-ADB48F5435B8}"
EndProject
Project("{2150E333-8FDC-42A3-9474-1A3956D46DE8}") = "Domain", "Domain", "{3A5A6D6D-95F3-47AB-86A3-7BABFAF39335}"
	ProjectSection(SolutionItems) = preProject
		..\C2INIS_HSZF_2024251.Application\MainService.cs = ..\C2INIS_HSZF_2024251.Application\MainService.cs
	EndProjectSection
EndProject
Project("{2150E333-8FDC-42A3-9474-1A3956D46DE8}") = "Infrastructure", "Infrastructure", "{DB1C4AE0-D30D-4499-B40B-847C3C6BE6E2}"
EndProject
Project("{2150E333-8FDC-42A3-9474-1A3956D46DE8}") = "Presentation", "Presentation", "{11103CC0-04E9-4939-A92F-C297C90A1617}"
EndProject
Project("{2150E333-8FDC-42A3-9474-1A3956D46DE8}") = "Tests", "Tests", "{772E4B3D-BB69-481A-83CA-38D558E12523}"
EndProject
Project("{9A19103F-16F7-4668-BE54-9A1E7A4F7556}") = "C2INIS_HSZF_2024251.Model", "..\C2INS_HSZF_2024251.Model\C2INIS_HSZF_2024251.Model.csproj", "{DFFD1E55-D706-4C8D-94C7-E09B947FBE6C}"
EndProject
Project("{9A19103F-16F7-4668-BE54-9A1E7A4F7556}") = "C2INIS_HSZF_2024251.Persistence.MsSql", "..\C2INS_HSZF_2024251.Persistence.MsSq\C2INIS_HSZF_2024251.Persistence.MsSql.csproj", "{CB7CB860-B82C-43B0-B572-7A6503C85E1F}"
EndProject
Project("{9A19103F-16F7-4668-BE54-9A1E7A4F7556}") = "C2INIS_HSZF_2024251.Application", "..\C2INIS_HSZF_2024251.Application\C2INIS_HSZF_2024251.Application.csproj", "{3C590F73-C2DA-496E-B4AE-DA217759C5E4}"
EndProject
Project("{9A19103F-16F7-4668-BE54-9A1E7A4F7556}") = "C2INIS_HSZF_2024251.Test", "..\C2INIS_HSZF_2024251.Test\C2INIS_HSZF_2024251.Test.csproj", "{E9E5DB0E-8CDF-497C-A1A7-003CF23A570A}"
EndProject
Global
	GlobalSection(SolutionConfigurationPlatforms) = preSolution
		Debug|Any CPU = Debug|Any CPU
		Release|Any CPU = Release|Any CPU
	EndGlobalSection
	GlobalSection(ProjectConfigurationPlatforms) = postSolution
		{FE8FF7C9-CEFA-4CE5-A892-6FD366C623F6}.Debug|Any CPU.ActiveCfg = Debug|Any CPU
		{FE8FF7C9-CEFA-4CE5-A892-6FD366C623F6}.Debug|Any CPU.Build.0 = Debug|Any CPU
		{FE8FF7C9-CEFA-4CE5-A892-6FD366C623F6}.Release|Any CPU.ActiveCfg = Release|Any CPU
		{FE8FF7C9-CEFA-4CE5-A892-6FD366C623F6}.Release|Any CPU.Build.0 = Release|Any CPU
		{DFFD1E55-D706-4C8D-94C7-E09B947FBE6C}.Debug|Any CPU.ActiveCfg = Debug|Any CPU
		{DFFD1E55-D706-4C8D-94C7-E09B947FBE6C}.Debug|Any CPU.Build.0 = Debug|Any CPU
		{DFFD1E55-D706-4C8D-94C7-E09B947FBE6C}.Release|Any CPU.ActiveCfg = Release|Any CPU
		{DFFD1E55-D706-4C8D-94C7-E09B947FBE6C}.Release|Any CPU.Build.0 = Release|Any CPU
		{CB7CB860-B82C-43B0-B572-7A6503C85E1F}.Debug|Any CPU.ActiveCfg = Debug|Any CPU
		{CB7CB860-B82C-43B0-B572-7A6503C85E1F}.Debug|Any CPU.Build.0 = Debug|Any CPU
		{CB7CB860-B82C-43B0-B572-7A6503C85E1F}.Release|Any CPU.ActiveCfg = Release|Any CPU
		{CB7CB860-B82C-43B0-B572-7A6503C85E1F}.Release|Any CPU.Build.0 = Release|Any CPU
		{3C590F73-C2DA-496E-B4AE-DA217759C5E4}.Debug|Any CPU.ActiveCfg = Debug|Any CPU
		{3C590F73-C2DA-496E-B4AE-DA217759C5E4}.Debug|Any CPU.Build.0 = Debug|Any CPU
		{3C590F73-C2DA-496E-B4AE-DA217759C5E4}.Release|Any CPU.ActiveCfg = Release|Any CPU
		{3C590F73-C2DA-496E-B4AE-DA217759C5E4}.Release|Any CPU.Build.0 = Release|Any CPU
		{E9E5DB0E-8CDF-497C-A1A7-003CF23A570A}.Debug|Any CPU.ActiveCfg = Debug|Any CPU
		{E9E5DB0E-8CDF-497C-A1A7-003CF23A570A}.Debug|Any CPU.Build.0 = Debug|Any CPU
		{E9E5DB0E-8CDF-497C-A1A7-003CF23A570A}.Release|Any CPU.ActiveCfg = Release|Any CPU
		{E9E5DB0E-8CDF-497C-A1A7-003CF23A570A}.Release|Any CPU.Build.0 = Release|Any CPU
	EndGlobalSection
	GlobalSection(SolutionProperties) = preSolution
		HideSolutionNode = FALSE
	EndGlobalSection
	GlobalSection(NestedProjects) = preSolution
		{FE8FF7C9-CEFA-4CE5-A892-6FD366C623F6} = {11103CC0-04E9-4939-A92F-C297C90A1617}
		{DFFD1E55-D706-4C8D-94C7-E09B947FBE6C} = {3A5A6D6D-95F3-47AB-86A3-7BABFAF39335}
		{CB7CB860-B82C-43B0-B572-7A6503C85E1F} = {DB1C4AE0-D30D-4499-B40B-847C3C6BE6E2}
		{3C590F73-C2DA-496E-B4AE-DA217759C5E4} = {D34AE144-564D-4549-9FF9-ADB48F5435B8}
		{E9E5DB0E-8CDF-497C-A1A7-003CF23A570A} = {772E4B3D-BB69-481A-83CA-38D558E12523}
	EndGlobalSection
	GlobalSection(ExtensibilityGlobals) = postSolution
		SolutionGuid = {B9BF5E27-429D-42A1-8FAC-B6BC11587EF0}
	EndGlobalSection
EndGlobal
